
Microsoft Visual Studio Solution File, Format Version 12.00
# Visual Studio 2015
Project("{FAE04EC0-301F-11D3-BF4B-00C04F79EFBC}") = "Quiz da Biblia.CSharp", "Quiz da Biblia.CSharp.csproj", "{EDCB02C8-843D-4EC3-CEFA-7A4C9C5268FC}"
EndProject
Global
	GlobalSection(SolutionConfigurationPlatforms) = preSolution
		Debug|Any CPU = Debug|Any CPU
		Release|Any CPU = Release|Any CPU
	EndGlobalSection
	GlobalSection(ProjectConfigurationPlatforms) = postSolution
		{EDCB02C8-843D-4EC3-CEFA-7A4C9C5268FC}.Debug|Any CPU.ActiveCfg = Debug|Any CPU
		{EDCB02C8-843D-4EC3-CEFA-7A4C9C5268FC}.Debug|Any CPU.Build.0 = Debug|Any CPU
		{EDCB02C8-843D-4EC3-CEFA-7A4C9C5268FC}.Release|Any CPU.ActiveCfg = Release|Any CPU
		{EDCB02C8-843D-4EC3-CEFA-7A4C9C5268FC}.Release|Any CPU.Build.0 = Release|Any CPU
	EndGlobalSection
	GlobalSection(SolutionProperties) = preSolution
		HideSolutionNode = FALSE
	EndGlobalSection
EndGlobal
